
Microsoft Visual Studio Solution File, Format Version 12.00
# Visual Studio 15
VisualStudioVersion = 15.0.27703.2047
MinimumVisualStudioVersion = 10.0.40219.1
Project("{FAE04EC0-301F-11D3-BF4B-00C04F79EFBC}") = "TheDeptBook", "TheDeptBook\TheDeptBook.csproj", "{2A2B57F6-CF12-4E37-ADB8-4ADC5AB3CBDD}"
EndProject
Global
	GlobalSection(SolutionConfigurationPlatforms) = preSolution
		Debug|Any CPU = Debug|Any CPU
		Release|Any CPU = Release|Any CPU
	EndGlobalSection
	GlobalSection(ProjectConfigurationPlatforms) = postSolution
		{2A2B57F6-CF12-4E37-ADB8-4ADC5AB3CBDD}.Debug|Any CPU.ActiveCfg = Debug|Any CPU
		{2A2B57F6-CF12-4E37-ADB8-4ADC5AB3CBDD}.Debug|Any CPU.Build.0 = Debug|Any CPU
		{2A2B57F6-CF12-4E37-ADB8-4ADC5AB3CBDD}.Release|Any CPU.ActiveCfg = Release|Any CPU
		{2A2B57F6-CF12-4E37-ADB8-4ADC5AB3CBDD}.Release|Any CPU.Build.0 = Release|Any CPU
	EndGlobalSection
	GlobalSection(SolutionProperties) = preSolution
		HideSolutionNode = FALSE
	EndGlobalSection
	GlobalSection(ExtensibilityGlobals) = postSolution
		SolutionGuid = {8EE42864-92D6-4377-BA00-C302A37EF07D}
	EndGlobalSection
EndGlobal
